// !$*UTF8*$!
{
	archiveVersion = 1;
	classes = {
	};
	objectVersion = 56;
	objects = {

/* Begin PBXBuildFile section */
		914F59432A9D09730099D944 /* nullConnections.json in Resources */ = {isa = PBXBuildFile; fileRef = 914F59422A9D09730099D944 /* nullConnections.json */; };
		914F59452A9D0C3B0099D944 /* UrlMocks.swift in Sources */ = {isa = PBXBuildFile; fileRef = 914F59442A9D0C3B0099D944 /* UrlMocks.swift */; };
		914F594A2A9D190D0099D944 /* UrlMocks.swift in Sources */ = {isa = PBXBuildFile; fileRef = 914F59442A9D0C3B0099D944 /* UrlMocks.swift */; };
		914F594B2A9D19120099D944 /* nullConnections.json in Resources */ = {isa = PBXBuildFile; fileRef = 914F59422A9D09730099D944 /* nullConnections.json */; };
		914F594D2A9D1E960099D944 /* SearchViewModelTests.swift in Sources */ = {isa = PBXBuildFile; fileRef = 914F594C2A9D1E960099D944 /* SearchViewModelTests.swift */; };
		914F59552A9D28FC0099D944 /* MainViewTests.swift in Sources */ = {isa = PBXBuildFile; fileRef = 914F59542A9D28FC0099D944 /* MainViewTests.swift */; };
		914F59572A9D28FC0099D944 /* TuiCCUITestsLaunchTests.swift in Sources */ = {isa = PBXBuildFile; fileRef = 914F59562A9D28FC0099D944 /* TuiCCUITestsLaunchTests.swift */; };
		914F595E2A9D2A5C0099D944 /* MainViewModelMock.swift in Sources */ = {isa = PBXBuildFile; fileRef = 914F595D2A9D2A5C0099D944 /* MainViewModelMock.swift */; };
		914F59602A9D2E8C0099D944 /* AccessibilityIdentifiers.swift in Sources */ = {isa = PBXBuildFile; fileRef = 914F595F2A9D2E8C0099D944 /* AccessibilityIdentifiers.swift */; };
		914F59622A9D415F0099D944 /* PathCalculatorTests.swift in Sources */ = {isa = PBXBuildFile; fileRef = 914F59612A9D415F0099D944 /* PathCalculatorTests.swift */; };
		91CFED5C2A9BD33700AEF028 /* MapViewRepresentable.swift in Sources */ = {isa = PBXBuildFile; fileRef = 91CFED5B2A9BD33700AEF028 /* MapViewRepresentable.swift */; };
		91CFED5E2A9BE66F00AEF028 /* CityRow.swift in Sources */ = {isa = PBXBuildFile; fileRef = 91CFED5D2A9BE66F00AEF028 /* CityRow.swift */; };
		91CFED622A9BEA9100AEF028 /* Localizable.strings in Resources */ = {isa = PBXBuildFile; fileRef = 91DD4C6A2A9A3998000AD497 /* Localizable.strings */; };
		91D850412A9CF4A600F1EA9F /* mockConnections.json in Resources */ = {isa = PBXBuildFile; fileRef = 91F0B1772A9CE9C1009196BE /* mockConnections.json */; };
		91DD4C5D2A99AD10000AD497 /* PathCalculator.swift in Sources */ = {isa = PBXBuildFile; fileRef = 91DD4C5C2A99AD10000AD497 /* PathCalculator.swift */; };
		91DD4C602A9A3693000AD497 /* AppError.swift in Sources */ = {isa = PBXBuildFile; fileRef = 91DD4C5F2A9A3693000AD497 /* AppError.swift */; };
		91DD4C632A9A383D000AD497 /* Node.swift in Sources */ = {isa = PBXBuildFile; fileRef = 91DD4C622A9A383D000AD497 /* Node.swift */; };
		91DD4C652A9A386F000AD497 /* Path.swift in Sources */ = {isa = PBXBuildFile; fileRef = 91DD4C642A9A386F000AD497 /* Path.swift */; };
		91DD4C682A9A3998000AD497 /* Localizable.strings in Resources */ = {isa = PBXBuildFile; fileRef = 91DD4C6A2A9A3998000AD497 /* Localizable.strings */; };
		91DD4C6E2A9A3A93000AD497 /* Localizable.swift in Sources */ = {isa = PBXBuildFile; fileRef = 91DD4C6D2A9A3A93000AD497 /* Localizable.swift */; };
		91DD4C732A9A7AE0000AD497 /* Image.swift in Sources */ = {isa = PBXBuildFile; fileRef = 91DD4C722A9A7AE0000AD497 /* Image.swift */; };
		91DD4C762A9A8D89000AD497 /* DropDownList.swift in Sources */ = {isa = PBXBuildFile; fileRef = 91DD4C752A9A8D89000AD497 /* DropDownList.swift */; };
		91DD4C782A9A91F5000AD497 /* SearchField.swift in Sources */ = {isa = PBXBuildFile; fileRef = 91DD4C772A9A91F5000AD497 /* SearchField.swift */; };
		91DD4C7A2A9BC9A9000AD497 /* LocalizedAlertError.swift in Sources */ = {isa = PBXBuildFile; fileRef = 91DD4C792A9BC9A9000AD497 /* LocalizedAlertError.swift */; };
		91DD4C7C2A9BC9FF000AD497 /* View.swift in Sources */ = {isa = PBXBuildFile; fileRef = 91DD4C7B2A9BC9FF000AD497 /* View.swift */; };
		91F0B1552A9BFBD2009196BE /* String.swift in Sources */ = {isa = PBXBuildFile; fileRef = 91F0B1542A9BFBD2009196BE /* String.swift */; };
		91F0B1582A9C1338009196BE /* ConnectionType.swift in Sources */ = {isa = PBXBuildFile; fileRef = 91F0B1572A9C1338009196BE /* ConnectionType.swift */; };
		91F0B15A2A9C134B009196BE /* ViewState.swift in Sources */ = {isa = PBXBuildFile; fileRef = 91F0B1592A9C134B009196BE /* ViewState.swift */; };
		91F0B15C2A9C1912009196BE /* SearchFieldViewModel.swift in Sources */ = {isa = PBXBuildFile; fileRef = 91F0B15B2A9C1912009196BE /* SearchFieldViewModel.swift */; };
		91F0B15F2A9C206E009196BE /* PathResult.swift in Sources */ = {isa = PBXBuildFile; fileRef = 91F0B15E2A9C206E009196BE /* PathResult.swift */; };
		91F0B1622A9C25B2009196BE /* AppButton.swift in Sources */ = {isa = PBXBuildFile; fileRef = 91F0B1612A9C25B2009196BE /* AppButton.swift */; };
		91F0B1652A9C298D009196BE /* ButtonsRow.swift in Sources */ = {isa = PBXBuildFile; fileRef = 91F0B1642A9C298D009196BE /* ButtonsRow.swift */; };
		91F0B1672A9C2E47009196BE /* TripOverview.swift in Sources */ = {isa = PBXBuildFile; fileRef = 91F0B1662A9C2E47009196BE /* TripOverview.swift */; };
		91F0B1692A9C3078009196BE /* BackgroundModifier.swift in Sources */ = {isa = PBXBuildFile; fileRef = 91F0B1682A9C3078009196BE /* BackgroundModifier.swift */; };
		91F0B16D2A9C357A009196BE /* Localized.swift in Sources */ = {isa = PBXBuildFile; fileRef = 91F0B16C2A9C357A009196BE /* Localized.swift */; };
		91F0B1712A9C3D09009196BE /* TripOverviewTextModifier.swift in Sources */ = {isa = PBXBuildFile; fileRef = 91F0B1702A9C3D09009196BE /* TripOverviewTextModifier.swift */; };
		91F0B1742A9C4123009196BE /* MapViewCoordinator.swift in Sources */ = {isa = PBXBuildFile; fileRef = 91F0B1732A9C4123009196BE /* MapViewCoordinator.swift */; };
		91F0B1762A9CDFA3009196BE /* FlightConnection.swift in Sources */ = {isa = PBXBuildFile; fileRef = 91F0B1752A9CDFA3009196BE /* FlightConnection.swift */; };
		91F0B1782A9CE9C1009196BE /* mockConnections.json in Resources */ = {isa = PBXBuildFile; fileRef = 91F0B1772A9CE9C1009196BE /* mockConnections.json */; };
		B61D2BDB2A962FD6008D3606 /* Connection.swift in Sources */ = {isa = PBXBuildFile; fileRef = B61D2BDA2A962FD6008D3606 /* Connection.swift */; };
		B61D2BDD2A963002008D3606 /* Coordinates.swift in Sources */ = {isa = PBXBuildFile; fileRef = B61D2BDC2A963002008D3606 /* Coordinates.swift */; };
		B61D2BE52A964728008D3606 /* ArrayExtensionsTests.swift in Sources */ = {isa = PBXBuildFile; fileRef = B61D2BE42A964728008D3606 /* ArrayExtensionsTests.swift */; };
		B6342AFE2A97AFD30078E138 /* MainViewHeader.swift in Sources */ = {isa = PBXBuildFile; fileRef = B6342AFD2A97AFD30078E138 /* MainViewHeader.swift */; };
		B64667DA2A964A7200DA4302 /* ConnectionsService.swift in Sources */ = {isa = PBXBuildFile; fileRef = B64667D92A964A7200DA4302 /* ConnectionsService.swift */; };
		B64667E12A964DE600DA4302 /* ConnectionsServiceTests.swift in Sources */ = {isa = PBXBuildFile; fileRef = B64667E02A964DE600DA4302 /* ConnectionsServiceTests.swift */; };
		B64667E42A96538700DA4302 /* EndPoints.swift in Sources */ = {isa = PBXBuildFile; fileRef = B64667E32A96538700DA4302 /* EndPoints.swift */; };
		B64667E62A9657B400DA4302 /* MainViewModelTests.swift in Sources */ = {isa = PBXBuildFile; fileRef = B64667E52A9657B400DA4302 /* MainViewModelTests.swift */; };
		B69C4E1F2A94F94400CEC473 /* TuiCCApp.swift in Sources */ = {isa = PBXBuildFile; fileRef = B69C4E1E2A94F94400CEC473 /* TuiCCApp.swift */; };
		B69C4E212A94F94400CEC473 /* MainView.swift in Sources */ = {isa = PBXBuildFile; fileRef = B69C4E202A94F94400CEC473 /* MainView.swift */; };
		B69C4E232A94F94700CEC473 /* Assets.xcassets in Resources */ = {isa = PBXBuildFile; fileRef = B69C4E222A94F94700CEC473 /* Assets.xcassets */; };
		B69C4E262A94F94700CEC473 /* Preview Assets.xcassets in Resources */ = {isa = PBXBuildFile; fileRef = B69C4E252A94F94700CEC473 /* Preview Assets.xcassets */; };
		B69C4E342A9506F500CEC473 /* APICaller.swift in Sources */ = {isa = PBXBuildFile; fileRef = B69C4E332A9506F500CEC473 /* APICaller.swift */; };
		B69C4E462A950BFC00CEC473 /* MainViewModel.swift in Sources */ = {isa = PBXBuildFile; fileRef = B69C4E452A950BFC00CEC473 /* MainViewModel.swift */; };
		B69C4E4B2A9515D000CEC473 /* Connections.swift in Sources */ = {isa = PBXBuildFile; fileRef = B69C4E4A2A9515D000CEC473 /* Connections.swift */; };
		B69C4E4D2A951C7100CEC473 /* NetworkError.swift in Sources */ = {isa = PBXBuildFile; fileRef = B69C4E4C2A951C7100CEC473 /* NetworkError.swift */; };
		B69C52592A9528E400CEC473 /* Array.swift in Sources */ = {isa = PBXBuildFile; fileRef = B69C52582A9528E400CEC473 /* Array.swift */; };
/* End PBXBuildFile section */

/* Begin PBXContainerItemProxy section */
		914F59582A9D28FC0099D944 /* PBXContainerItemProxy */ = {
			isa = PBXContainerItemProxy;
			containerPortal = B69C4E132A94F94400CEC473 /* Project object */;
			proxyType = 1;
			remoteGlobalIDString = B69C4E1A2A94F94400CEC473;
			remoteInfo = TuiCC;
		};
		B61D2BE62A964728008D3606 /* PBXContainerItemProxy */ = {
			isa = PBXContainerItemProxy;
			containerPortal = B69C4E132A94F94400CEC473 /* Project object */;
			proxyType = 1;
			remoteGlobalIDString = B69C4E1A2A94F94400CEC473;
			remoteInfo = TuiCC;
		};
/* End PBXContainerItemProxy section */

/* Begin PBXFileReference section */
		914F59412A9D05A80099D944 /* TuiCCTests.xctestplan */ = {isa = PBXFileReference; lastKnownFileType = text; path = TuiCCTests.xctestplan; sourceTree = SOURCE_ROOT; };
		914F59422A9D09730099D944 /* nullConnections.json */ = {isa = PBXFileReference; lastKnownFileType = text.json; path = nullConnections.json; sourceTree = "<group>"; };
		914F59442A9D0C3B0099D944 /* UrlMocks.swift */ = {isa = PBXFileReference; lastKnownFileType = sourcecode.swift; path = UrlMocks.swift; sourceTree = "<group>"; };
		914F594C2A9D1E960099D944 /* SearchViewModelTests.swift */ = {isa = PBXFileReference; lastKnownFileType = sourcecode.swift; path = SearchViewModelTests.swift; sourceTree = "<group>"; };
		914F59522A9D28FB0099D944 /* TuiCCUITests.xctest */ = {isa = PBXFileReference; explicitFileType = wrapper.cfbundle; includeInIndex = 0; path = TuiCCUITests.xctest; sourceTree = BUILT_PRODUCTS_DIR; };
		914F59542A9D28FC0099D944 /* MainViewTests.swift */ = {isa = PBXFileReference; lastKnownFileType = sourcecode.swift; path = MainViewTests.swift; sourceTree = "<group>"; };
		914F59562A9D28FC0099D944 /* TuiCCUITestsLaunchTests.swift */ = {isa = PBXFileReference; lastKnownFileType = sourcecode.swift; path = TuiCCUITestsLaunchTests.swift; sourceTree = "<group>"; };
		914F595D2A9D2A5C0099D944 /* MainViewModelMock.swift */ = {isa = PBXFileReference; lastKnownFileType = sourcecode.swift; path = MainViewModelMock.swift; sourceTree = "<group>"; };
		914F595F2A9D2E8C0099D944 /* AccessibilityIdentifiers.swift */ = {isa = PBXFileReference; lastKnownFileType = sourcecode.swift; path = AccessibilityIdentifiers.swift; sourceTree = "<group>"; };
		914F59612A9D415F0099D944 /* PathCalculatorTests.swift */ = {isa = PBXFileReference; lastKnownFileType = sourcecode.swift; path = PathCalculatorTests.swift; sourceTree = "<group>"; };
		91CFED5B2A9BD33700AEF028 /* MapViewRepresentable.swift */ = {isa = PBXFileReference; lastKnownFileType = sourcecode.swift; path = MapViewRepresentable.swift; sourceTree = "<group>"; };
		91CFED5D2A9BE66F00AEF028 /* CityRow.swift */ = {isa = PBXFileReference; lastKnownFileType = sourcecode.swift; path = CityRow.swift; sourceTree = "<group>"; };
		91DD4C5C2A99AD10000AD497 /* PathCalculator.swift */ = {isa = PBXFileReference; lastKnownFileType = sourcecode.swift; path = PathCalculator.swift; sourceTree = "<group>"; };
		91DD4C5F2A9A3693000AD497 /* AppError.swift */ = {isa = PBXFileReference; lastKnownFileType = sourcecode.swift; path = AppError.swift; sourceTree = "<group>"; };
		91DD4C622A9A383D000AD497 /* Node.swift */ = {isa = PBXFileReference; lastKnownFileType = sourcecode.swift; path = Node.swift; sourceTree = "<group>"; };
		91DD4C642A9A386F000AD497 /* Path.swift */ = {isa = PBXFileReference; lastKnownFileType = sourcecode.swift; path = Path.swift; sourceTree = "<group>"; };
		91DD4C692A9A3998000AD497 /* en */ = {isa = PBXFileReference; lastKnownFileType = text.plist.strings; name = en; path = en.lproj/Localizable.strings; sourceTree = "<group>"; };
		91DD4C6D2A9A3A93000AD497 /* Localizable.swift */ = {isa = PBXFileReference; lastKnownFileType = sourcecode.swift; path = Localizable.swift; sourceTree = "<group>"; };
		91DD4C722A9A7AE0000AD497 /* Image.swift */ = {isa = PBXFileReference; lastKnownFileType = sourcecode.swift; path = Image.swift; sourceTree = "<group>"; };
		91DD4C752A9A8D89000AD497 /* DropDownList.swift */ = {isa = PBXFileReference; lastKnownFileType = sourcecode.swift; path = DropDownList.swift; sourceTree = "<group>"; };
		91DD4C772A9A91F5000AD497 /* SearchField.swift */ = {isa = PBXFileReference; lastKnownFileType = sourcecode.swift; path = SearchField.swift; sourceTree = "<group>"; };
		91DD4C792A9BC9A9000AD497 /* LocalizedAlertError.swift */ = {isa = PBXFileReference; lastKnownFileType = sourcecode.swift; path = LocalizedAlertError.swift; sourceTree = "<group>"; };
		91DD4C7B2A9BC9FF000AD497 /* View.swift */ = {isa = PBXFileReference; lastKnownFileType = sourcecode.swift; path = View.swift; sourceTree = "<group>"; };
		91F0B1542A9BFBD2009196BE /* String.swift */ = {isa = PBXFileReference; lastKnownFileType = sourcecode.swift; path = String.swift; sourceTree = "<group>"; };
		91F0B1572A9C1338009196BE /* ConnectionType.swift */ = {isa = PBXFileReference; lastKnownFileType = sourcecode.swift; path = ConnectionType.swift; sourceTree = "<group>"; };
		91F0B1592A9C134B009196BE /* ViewState.swift */ = {isa = PBXFileReference; lastKnownFileType = sourcecode.swift; path = ViewState.swift; sourceTree = "<group>"; };
		91F0B15B2A9C1912009196BE /* SearchFieldViewModel.swift */ = {isa = PBXFileReference; lastKnownFileType = sourcecode.swift; path = SearchFieldViewModel.swift; sourceTree = "<group>"; };
		91F0B15E2A9C206E009196BE /* PathResult.swift */ = {isa = PBXFileReference; lastKnownFileType = sourcecode.swift; path = PathResult.swift; sourceTree = "<group>"; };
		91F0B1612A9C25B2009196BE /* AppButton.swift */ = {isa = PBXFileReference; lastKnownFileType = sourcecode.swift; path = AppButton.swift; sourceTree = "<group>"; };
		91F0B1642A9C298D009196BE /* ButtonsRow.swift */ = {isa = PBXFileReference; lastKnownFileType = sourcecode.swift; path = ButtonsRow.swift; sourceTree = "<group>"; };
		91F0B1662A9C2E47009196BE /* TripOverview.swift */ = {isa = PBXFileReference; lastKnownFileType = sourcecode.swift; path = TripOverview.swift; sourceTree = "<group>"; };
		91F0B1682A9C3078009196BE /* BackgroundModifier.swift */ = {isa = PBXFileReference; lastKnownFileType = sourcecode.swift; path = BackgroundModifier.swift; sourceTree = "<group>"; };
		91F0B16C2A9C357A009196BE /* Localized.swift */ = {isa = PBXFileReference; lastKnownFileType = sourcecode.swift; path = Localized.swift; sourceTree = "<group>"; };
		91F0B1702A9C3D09009196BE /* TripOverviewTextModifier.swift */ = {isa = PBXFileReference; lastKnownFileType = sourcecode.swift; path = TripOverviewTextModifier.swift; sourceTree = "<group>"; };
		91F0B1732A9C4123009196BE /* MapViewCoordinator.swift */ = {isa = PBXFileReference; lastKnownFileType = sourcecode.swift; path = MapViewCoordinator.swift; sourceTree = "<group>"; };
		91F0B1752A9CDFA3009196BE /* FlightConnection.swift */ = {isa = PBXFileReference; lastKnownFileType = sourcecode.swift; path = FlightConnection.swift; sourceTree = "<group>"; };
		91F0B1772A9CE9C1009196BE /* mockConnections.json */ = {isa = PBXFileReference; lastKnownFileType = text.json; path = mockConnections.json; sourceTree = "<group>"; };
		B61D2BDA2A962FD6008D3606 /* Connection.swift */ = {isa = PBXFileReference; lastKnownFileType = sourcecode.swift; path = Connection.swift; sourceTree = "<group>"; };
		B61D2BDC2A963002008D3606 /* Coordinates.swift */ = {isa = PBXFileReference; lastKnownFileType = sourcecode.swift; path = Coordinates.swift; sourceTree = "<group>"; };
		B61D2BE22A964728008D3606 /* TuiCCTests.xctest */ = {isa = PBXFileReference; explicitFileType = wrapper.cfbundle; includeInIndex = 0; path = TuiCCTests.xctest; sourceTree = BUILT_PRODUCTS_DIR; };
		B61D2BE42A964728008D3606 /* ArrayExtensionsTests.swift */ = {isa = PBXFileReference; lastKnownFileType = sourcecode.swift; path = ArrayExtensionsTests.swift; sourceTree = "<group>"; };
		B6342AFD2A97AFD30078E138 /* MainViewHeader.swift */ = {isa = PBXFileReference; lastKnownFileType = sourcecode.swift; path = MainViewHeader.swift; sourceTree = "<group>"; };
		B64667D92A964A7200DA4302 /* ConnectionsService.swift */ = {isa = PBXFileReference; lastKnownFileType = sourcecode.swift; path = ConnectionsService.swift; sourceTree = "<group>"; };
		B64667E02A964DE600DA4302 /* ConnectionsServiceTests.swift */ = {isa = PBXFileReference; lastKnownFileType = sourcecode.swift; path = ConnectionsServiceTests.swift; sourceTree = "<group>"; };
		B64667E32A96538700DA4302 /* EndPoints.swift */ = {isa = PBXFileReference; lastKnownFileType = sourcecode.swift; path = EndPoints.swift; sourceTree = "<group>"; };
		B64667E52A9657B400DA4302 /* MainViewModelTests.swift */ = {isa = PBXFileReference; lastKnownFileType = sourcecode.swift; path = MainViewModelTests.swift; sourceTree = "<group>"; };
		B69C4E1B2A94F94400CEC473 /* TuiCC.app */ = {isa = PBXFileReference; explicitFileType = wrapper.application; includeInIndex = 0; path = TuiCC.app; sourceTree = BUILT_PRODUCTS_DIR; };
		B69C4E1E2A94F94400CEC473 /* TuiCCApp.swift */ = {isa = PBXFileReference; lastKnownFileType = sourcecode.swift; path = TuiCCApp.swift; sourceTree = "<group>"; };
		B69C4E202A94F94400CEC473 /* MainView.swift */ = {isa = PBXFileReference; lastKnownFileType = sourcecode.swift; path = MainView.swift; sourceTree = "<group>"; };
		B69C4E222A94F94700CEC473 /* Assets.xcassets */ = {isa = PBXFileReference; lastKnownFileType = folder.assetcatalog; path = Assets.xcassets; sourceTree = "<group>"; };
		B69C4E252A94F94700CEC473 /* Preview Assets.xcassets */ = {isa = PBXFileReference; lastKnownFileType = folder.assetcatalog; path = "Preview Assets.xcassets"; sourceTree = "<group>"; };
		B69C4E332A9506F500CEC473 /* APICaller.swift */ = {isa = PBXFileReference; lastKnownFileType = sourcecode.swift; path = APICaller.swift; sourceTree = "<group>"; };
		B69C4E452A950BFC00CEC473 /* MainViewModel.swift */ = {isa = PBXFileReference; lastKnownFileType = sourcecode.swift; path = MainViewModel.swift; sourceTree = "<group>"; };
		B69C4E4A2A9515D000CEC473 /* Connections.swift */ = {isa = PBXFileReference; lastKnownFileType = sourcecode.swift; path = Connections.swift; sourceTree = "<group>"; };
		B69C4E4C2A951C7100CEC473 /* NetworkError.swift */ = {isa = PBXFileReference; lastKnownFileType = sourcecode.swift; path = NetworkError.swift; sourceTree = "<group>"; };
		B69C52582A9528E400CEC473 /* Array.swift */ = {isa = PBXFileReference; lastKnownFileType = sourcecode.swift; path = Array.swift; sourceTree = "<group>"; };
/* End PBXFileReference section */

/* Begin PBXFrameworksBuildPhase section */
		914F594F2A9D28FB0099D944 /* Frameworks */ = {
			isa = PBXFrameworksBuildPhase;
			buildActionMask = 2147483647;
			files = (
			);
			runOnlyForDeploymentPostprocessing = 0;
		};
		B61D2BDF2A964728008D3606 /* Frameworks */ = {
			isa = PBXFrameworksBuildPhase;
			buildActionMask = 2147483647;
			files = (
			);
			runOnlyForDeploymentPostprocessing = 0;
		};
		B69C4E182A94F94400CEC473 /* Frameworks */ = {
			isa = PBXFrameworksBuildPhase;
			buildActionMask = 2147483647;
			files = (
			);
			runOnlyForDeploymentPostprocessing = 0;
		};
/* End PBXFrameworksBuildPhase section */

/* Begin PBXGroup section */
		914F59532A9D28FC0099D944 /* TuiCCUITests */ = {
			isa = PBXGroup;
			children = (
				914F59542A9D28FC0099D944 /* MainViewTests.swift */,
				914F59562A9D28FC0099D944 /* TuiCCUITestsLaunchTests.swift */,
			);
			path = TuiCCUITests;
			sourceTree = "<group>";
		};
		91DD4C552A9977F2000AD497 /* PathCalculator */ = {
			isa = PBXGroup;
			children = (
				91DD4C612A9A3823000AD497 /* Models */,
				91DD4C5C2A99AD10000AD497 /* PathCalculator.swift */,
			);
			path = PathCalculator;
			sourceTree = "<group>";
		};
		91DD4C5E2A9A367D000AD497 /* Error */ = {
			isa = PBXGroup;
			children = (
				B69C4E4C2A951C7100CEC473 /* NetworkError.swift */,
				91DD4C5F2A9A3693000AD497 /* AppError.swift */,
				91DD4C792A9BC9A9000AD497 /* LocalizedAlertError.swift */,
			);
			path = Error;
			sourceTree = "<group>";
		};
		91DD4C612A9A3823000AD497 /* Models */ = {
			isa = PBXGroup;
			children = (
				91DD4C622A9A383D000AD497 /* Node.swift */,
				91DD4C642A9A386F000AD497 /* Path.swift */,
				91F0B15E2A9C206E009196BE /* PathResult.swift */,
			);
			path = Models;
			sourceTree = "<group>";
		};
		91DD4C6C2A9A3A4E000AD497 /* Localizable */ = {
			isa = PBXGroup;
			children = (
				91DD4C6A2A9A3998000AD497 /* Localizable.strings */,
				91DD4C6D2A9A3A93000AD497 /* Localizable.swift */,
			);
			path = Localizable;
			sourceTree = "<group>";
		};
		91DD4C742A9A7AE7000AD497 /* Extensions */ = {
			isa = PBXGroup;
			children = (
				B69C52582A9528E400CEC473 /* Array.swift */,
				91DD4C722A9A7AE0000AD497 /* Image.swift */,
				91DD4C7B2A9BC9FF000AD497 /* View.swift */,
				91F0B1542A9BFBD2009196BE /* String.swift */,
			);
			path = Extensions;
			sourceTree = "<group>";
		};
		91F0B1562A9C132B009196BE /* Enum */ = {
			isa = PBXGroup;
			children = (
				91F0B1572A9C1338009196BE /* ConnectionType.swift */,
				91F0B1592A9C134B009196BE /* ViewState.swift */,
			);
			path = Enum;
			sourceTree = "<group>";
		};
		91F0B1602A9C256E009196BE /* Header */ = {
			isa = PBXGroup;
			children = (
				B6342AFD2A97AFD30078E138 /* MainViewHeader.swift */,
				91F0B1642A9C298D009196BE /* ButtonsRow.swift */,
				91DD4C772A9A91F5000AD497 /* SearchField.swift */,
				91DD4C752A9A8D89000AD497 /* DropDownList.swift */,
				91CFED5D2A9BE66F00AEF028 /* CityRow.swift */,
			);
			path = Header;
			sourceTree = "<group>";
		};
		91F0B1632A9C25B7009196BE /* Views */ = {
			isa = PBXGroup;
			children = (
				91F0B1612A9C25B2009196BE /* AppButton.swift */,
			);
			path = Views;
			sourceTree = "<group>";
		};
		91F0B16A2A9C307E009196BE /* Modifiers */ = {
			isa = PBXGroup;
			children = (
				91F0B1682A9C3078009196BE /* BackgroundModifier.swift */,
				91F0B1702A9C3D09009196BE /* TripOverviewTextModifier.swift */,
			);
			path = Modifiers;
			sourceTree = "<group>";
		};
		91F0B16B2A9C356B009196BE /* PropertyWrappers */ = {
			isa = PBXGroup;
			children = (
				91F0B16C2A9C357A009196BE /* Localized.swift */,
			);
			path = PropertyWrappers;
			sourceTree = "<group>";
		};
		91F0B1722A9C410C009196BE /* MapViewRepresentable */ = {
			isa = PBXGroup;
			children = (
				91CFED5B2A9BD33700AEF028 /* MapViewRepresentable.swift */,
				91F0B1732A9C4123009196BE /* MapViewCoordinator.swift */,
			);
			path = MapViewRepresentable;
			sourceTree = "<group>";
		};
		B61D2BE32A964728008D3606 /* TuiCCTests */ = {
			isa = PBXGroup;
			children = (
				914F59412A9D05A80099D944 /* TuiCCTests.xctestplan */,
				B69C4E352A95070B00CEC473 /* Mocks */,
				B61D2BE42A964728008D3606 /* ArrayExtensionsTests.swift */,
				914F594C2A9D1E960099D944 /* SearchViewModelTests.swift */,
				B64667E02A964DE600DA4302 /* ConnectionsServiceTests.swift */,
				B64667E52A9657B400DA4302 /* MainViewModelTests.swift */,
				914F59612A9D415F0099D944 /* PathCalculatorTests.swift */,
			);
			path = TuiCCTests;
			sourceTree = "<group>";
		};
		B6342AFC2A97AF9F0078E138 /* SuplementaryViews */ = {
			isa = PBXGroup;
			children = (
				91F0B1602A9C256E009196BE /* Header */,
				91F0B1722A9C410C009196BE /* MapViewRepresentable */,
				91F0B1662A9C2E47009196BE /* TripOverview.swift */,
			);
			path = SuplementaryViews;
			sourceTree = "<group>";
		};
		B64667DD2A964C7C00DA4302 /* Json */ = {
			isa = PBXGroup;
			children = (
				91F0B1772A9CE9C1009196BE /* mockConnections.json */,
				914F59422A9D09730099D944 /* nullConnections.json */,
				914F595D2A9D2A5C0099D944 /* MainViewModelMock.swift */,
			);
			path = Json;
			sourceTree = "<group>";
		};
		B69C4E122A94F94400CEC473 = {
			isa = PBXGroup;
			children = (
				B69C4E1D2A94F94400CEC473 /* TuiCC */,
				B61D2BE32A964728008D3606 /* TuiCCTests */,
				914F59532A9D28FC0099D944 /* TuiCCUITests */,
				B69C4E1C2A94F94400CEC473 /* Products */,
			);
			sourceTree = "<group>";
		};
		B69C4E1C2A94F94400CEC473 /* Products */ = {
			isa = PBXGroup;
			children = (
				B69C4E1B2A94F94400CEC473 /* TuiCC.app */,
				B61D2BE22A964728008D3606 /* TuiCCTests.xctest */,
				914F59522A9D28FB0099D944 /* TuiCCUITests.xctest */,
			);
			name = Products;
			sourceTree = "<group>";
		};
		B69C4E1D2A94F94400CEC473 /* TuiCC */ = {
			isa = PBXGroup;
			children = (
				B69C4E1E2A94F94400CEC473 /* TuiCCApp.swift */,
				B69C4E322A95066F00CEC473 /* Service */,
				91DD4C552A9977F2000AD497 /* PathCalculator */,
				B69C52572A9528D100CEC473 /* Common */,
				B69C4E2E2A95055100CEC473 /* Views */,
				B69C4E242A94F94700CEC473 /* Preview Content */,
				91DD4C6C2A9A3A4E000AD497 /* Localizable */,
				B69C4E222A94F94700CEC473 /* Assets.xcassets */,
			);
			path = TuiCC;
			sourceTree = "<group>";
		};
		B69C4E242A94F94700CEC473 /* Preview Content */ = {
			isa = PBXGroup;
			children = (
				B69C4E252A94F94700CEC473 /* Preview Assets.xcassets */,
			);
			path = "Preview Content";
			sourceTree = "<group>";
		};
		B69C4E2E2A95055100CEC473 /* Views */ = {
			isa = PBXGroup;
			children = (
				B69C4E432A950BD200CEC473 /* Main */,
			);
			path = Views;
			sourceTree = "<group>";
		};
		B69C4E322A95066F00CEC473 /* Service */ = {
			isa = PBXGroup;
			children = (
				B69C4E492A9515A900CEC473 /* Models */,
				B64667D92A964A7200DA4302 /* ConnectionsService.swift */,
				B69C4E332A9506F500CEC473 /* APICaller.swift */,
				B64667E32A96538700DA4302 /* EndPoints.swift */,
			);
			path = Service;
			sourceTree = "<group>";
		};
		B69C4E352A95070B00CEC473 /* Mocks */ = {
			isa = PBXGroup;
			children = (
				B64667DD2A964C7C00DA4302 /* Json */,
				914F59442A9D0C3B0099D944 /* UrlMocks.swift */,
			);
			path = Mocks;
			sourceTree = "<group>";
		};
		B69C4E432A950BD200CEC473 /* Main */ = {
			isa = PBXGroup;
			children = (
				B69C4E202A94F94400CEC473 /* MainView.swift */,
				B6342AFC2A97AF9F0078E138 /* SuplementaryViews */,
				B69C4E442A950BE000CEC473 /* ViewModel */,
			);
			path = Main;
			sourceTree = "<group>";
		};
		B69C4E442A950BE000CEC473 /* ViewModel */ = {
			isa = PBXGroup;
			children = (
				B69C4E452A950BFC00CEC473 /* MainViewModel.swift */,
				91F0B15B2A9C1912009196BE /* SearchFieldViewModel.swift */,
			);
			path = ViewModel;
			sourceTree = "<group>";
		};
		B69C4E492A9515A900CEC473 /* Models */ = {
			isa = PBXGroup;
			children = (
				B69C4E4A2A9515D000CEC473 /* Connections.swift */,
				B61D2BDC2A963002008D3606 /* Coordinates.swift */,
				B61D2BDA2A962FD6008D3606 /* Connection.swift */,
				91F0B1752A9CDFA3009196BE /* FlightConnection.swift */,
			);
			path = Models;
			sourceTree = "<group>";
		};
		B69C52572A9528D100CEC473 /* Common */ = {
			isa = PBXGroup;
			children = (
				91F0B16B2A9C356B009196BE /* PropertyWrappers */,
				91F0B1562A9C132B009196BE /* Enum */,
				91DD4C742A9A7AE7000AD497 /* Extensions */,
				91DD4C5E2A9A367D000AD497 /* Error */,
				91F0B1632A9C25B7009196BE /* Views */,
				91F0B16A2A9C307E009196BE /* Modifiers */,
				914F595F2A9D2E8C0099D944 /* AccessibilityIdentifiers.swift */,
			);
			path = Common;
			sourceTree = "<group>";
		};
/* End PBXGroup section */

/* Begin PBXNativeTarget section */
		914F59512A9D28FB0099D944 /* TuiCCUITests */ = {
			isa = PBXNativeTarget;
			buildConfigurationList = 914F595A2A9D28FC0099D944 /* Build configuration list for PBXNativeTarget "TuiCCUITests" */;
			buildPhases = (
				914F594E2A9D28FB0099D944 /* Sources */,
				914F594F2A9D28FB0099D944 /* Frameworks */,
				914F59502A9D28FB0099D944 /* Resources */,
			);
			buildRules = (
			);
			dependencies = (
				914F59592A9D28FC0099D944 /* PBXTargetDependency */,
			);
			name = TuiCCUITests;
			productName = TuiCCUITests;
			productReference = 914F59522A9D28FB0099D944 /* TuiCCUITests.xctest */;
			productType = "com.apple.product-type.bundle.ui-testing";
		};
		B61D2BE12A964728008D3606 /* TuiCCTests */ = {
			isa = PBXNativeTarget;
			buildConfigurationList = B61D2BE82A964728008D3606 /* Build configuration list for PBXNativeTarget "TuiCCTests" */;
			buildPhases = (
				B61D2BDE2A964728008D3606 /* Sources */,
				B61D2BDF2A964728008D3606 /* Frameworks */,
				B61D2BE02A964728008D3606 /* Resources */,
			);
			buildRules = (
			);
			dependencies = (
				B61D2BE72A964728008D3606 /* PBXTargetDependency */,
			);
			name = TuiCCTests;
			productName = TuiCCTests;
			productReference = B61D2BE22A964728008D3606 /* TuiCCTests.xctest */;
			productType = "com.apple.product-type.bundle.unit-test";
		};
		B69C4E1A2A94F94400CEC473 /* TuiCC */ = {
			isa = PBXNativeTarget;
			buildConfigurationList = B69C4E292A94F94700CEC473 /* Build configuration list for PBXNativeTarget "TuiCC" */;
			buildPhases = (
				B69C4E172A94F94400CEC473 /* Sources */,
				B69C4E182A94F94400CEC473 /* Frameworks */,
				B69C4E192A94F94400CEC473 /* Resources */,
			);
			buildRules = (
			);
			dependencies = (
			);
			name = TuiCC;
			productName = TuiCC;
			productReference = B69C4E1B2A94F94400CEC473 /* TuiCC.app */;
			productType = "com.apple.product-type.application";
		};
/* End PBXNativeTarget section */

/* Begin PBXProject section */
		B69C4E132A94F94400CEC473 /* Project object */ = {
			isa = PBXProject;
			attributes = {
				BuildIndependentTargetsInParallel = 1;
				LastSwiftUpdateCheck = 1430;
				LastUpgradeCheck = 1500;
				TargetAttributes = {
					914F59512A9D28FB0099D944 = {
						CreatedOnToolsVersion = 14.3.1;
						TestTargetID = B69C4E1A2A94F94400CEC473;
					};
					B61D2BE12A964728008D3606 = {
						CreatedOnToolsVersion = 15.0;
						TestTargetID = B69C4E1A2A94F94400CEC473;
					};
					B69C4E1A2A94F94400CEC473 = {
						CreatedOnToolsVersion = 15.0;
					};
				};
			};
			buildConfigurationList = B69C4E162A94F94400CEC473 /* Build configuration list for PBXProject "TuiCC" */;
			compatibilityVersion = "Xcode 14.0";
			developmentRegion = en;
			hasScannedForEncodings = 0;
			knownRegions = (
				en,
				Base,
			);
			mainGroup = B69C4E122A94F94400CEC473;
			productRefGroup = B69C4E1C2A94F94400CEC473 /* Products */;
			projectDirPath = "";
			projectRoot = "";
			targets = (
				B69C4E1A2A94F94400CEC473 /* TuiCC */,
				B61D2BE12A964728008D3606 /* TuiCCTests */,
				914F59512A9D28FB0099D944 /* TuiCCUITests */,
			);
		};
/* End PBXProject section */

/* Begin PBXResourcesBuildPhase section */
		914F59502A9D28FB0099D944 /* Resources */ = {
			isa = PBXResourcesBuildPhase;
			buildActionMask = 2147483647;
			files = (
			);
			runOnlyForDeploymentPostprocessing = 0;
		};
		B61D2BE02A964728008D3606 /* Resources */ = {
			isa = PBXResourcesBuildPhase;
			buildActionMask = 2147483647;
			files = (
				91F0B1782A9CE9C1009196BE /* mockConnections.json in Resources */,
				91CFED622A9BEA9100AEF028 /* Localizable.strings in Resources */,
				914F59432A9D09730099D944 /* nullConnections.json in Resources */,
			);
			runOnlyForDeploymentPostprocessing = 0;
		};
		B69C4E192A94F94400CEC473 /* Resources */ = {
			isa = PBXResourcesBuildPhase;
			buildActionMask = 2147483647;
			files = (
				91DD4C682A9A3998000AD497 /* Localizable.strings in Resources */,
				914F594B2A9D19120099D944 /* nullConnections.json in Resources */,
				B69C4E262A94F94700CEC473 /* Preview Assets.xcassets in Resources */,
				91D850412A9CF4A600F1EA9F /* mockConnections.json in Resources */,
				B69C4E232A94F94700CEC473 /* Assets.xcassets in Resources */,
			);
			runOnlyForDeploymentPostprocessing = 0;
		};
/* End PBXResourcesBuildPhase section */

/* Begin PBXSourcesBuildPhase section */
		914F594E2A9D28FB0099D944 /* Sources */ = {
			isa = PBXSourcesBuildPhase;
			buildActionMask = 2147483647;
			files = (
				914F59552A9D28FC0099D944 /* MainViewTests.swift in Sources */,
				914F59572A9D28FC0099D944 /* TuiCCUITestsLaunchTests.swift in Sources */,
				914F595E2A9D2A5C0099D944 /* MainViewModelMock.swift in Sources */,
			);
			runOnlyForDeploymentPostprocessing = 0;
		};
		B61D2BDE2A964728008D3606 /* Sources */ = {
			isa = PBXSourcesBuildPhase;
			buildActionMask = 2147483647;
			files = (
				B64667E12A964DE600DA4302 /* ConnectionsServiceTests.swift in Sources */,
				914F59622A9D415F0099D944 /* PathCalculatorTests.swift in Sources */,
				914F59452A9D0C3B0099D944 /* UrlMocks.swift in Sources */,
				B61D2BE52A964728008D3606 /* ArrayExtensionsTests.swift in Sources */,
				B64667E62A9657B400DA4302 /* MainViewModelTests.swift in Sources */,
				914F594D2A9D1E960099D944 /* SearchViewModelTests.swift in Sources */,
			);
			runOnlyForDeploymentPostprocessing = 0;
		};
		B69C4E172A94F94400CEC473 /* Sources */ = {
			isa = PBXSourcesBuildPhase;
			buildActionMask = 2147483647;
			files = (
				91DD4C7A2A9BC9A9000AD497 /* LocalizedAlertError.swift in Sources */,
				914F594A2A9D190D0099D944 /* UrlMocks.swift in Sources */,
				91F0B1762A9CDFA3009196BE /* FlightConnection.swift in Sources */,
				91F0B1742A9C4123009196BE /* MapViewCoordinator.swift in Sources */,
				B69C52592A9528E400CEC473 /* Array.swift in Sources */,
				91DD4C732A9A7AE0000AD497 /* Image.swift in Sources */,
				91F0B15C2A9C1912009196BE /* SearchFieldViewModel.swift in Sources */,
				B69C4E212A94F94400CEC473 /* MainView.swift in Sources */,
				91F0B16D2A9C357A009196BE /* Localized.swift in Sources */,
				91F0B1552A9BFBD2009196BE /* String.swift in Sources */,
				91DD4C602A9A3693000AD497 /* AppError.swift in Sources */,
				91CFED5E2A9BE66F00AEF028 /* CityRow.swift in Sources */,
				91DD4C762A9A8D89000AD497 /* DropDownList.swift in Sources */,
				91DD4C6E2A9A3A93000AD497 /* Localizable.swift in Sources */,
				B69C4E4B2A9515D000CEC473 /* Connections.swift in Sources */,
				91DD4C5D2A99AD10000AD497 /* PathCalculator.swift in Sources */,
				91DD4C782A9A91F5000AD497 /* SearchField.swift in Sources */,
				91DD4C7C2A9BC9FF000AD497 /* View.swift in Sources */,
				91CFED5C2A9BD33700AEF028 /* MapViewRepresentable.swift in Sources */,
				91F0B1712A9C3D09009196BE /* TripOverviewTextModifier.swift in Sources */,
				B64667DA2A964A7200DA4302 /* ConnectionsService.swift in Sources */,
				914F59602A9D2E8C0099D944 /* AccessibilityIdentifiers.swift in Sources */,
				B69C4E462A950BFC00CEC473 /* MainViewModel.swift in Sources */,
				91F0B1652A9C298D009196BE /* ButtonsRow.swift in Sources */,
				91DD4C652A9A386F000AD497 /* Path.swift in Sources */,
				B61D2BDD2A963002008D3606 /* Coordinates.swift in Sources */,
				B69C4E1F2A94F94400CEC473 /* TuiCCApp.swift in Sources */,
				B69C4E4D2A951C7100CEC473 /* NetworkError.swift in Sources */,
				B69C4E342A9506F500CEC473 /* APICaller.swift in Sources */,
				91F0B15A2A9C134B009196BE /* ViewState.swift in Sources */,
				91F0B1672A9C2E47009196BE /* TripOverview.swift in Sources */,
				91F0B1692A9C3078009196BE /* BackgroundModifier.swift in Sources */,
				B64667E42A96538700DA4302 /* EndPoints.swift in Sources */,
				91F0B1622A9C25B2009196BE /* AppButton.swift in Sources */,
				B6342AFE2A97AFD30078E138 /* MainViewHeader.swift in Sources */,
				91F0B1582A9C1338009196BE /* ConnectionType.swift in Sources */,
				91F0B15F2A9C206E009196BE /* PathResult.swift in Sources */,
				B61D2BDB2A962FD6008D3606 /* Connection.swift in Sources */,
				91DD4C632A9A383D000AD497 /* Node.swift in Sources */,
			);
			runOnlyForDeploymentPostprocessing = 0;
		};
/* End PBXSourcesBuildPhase section */

/* Begin PBXTargetDependency section */
		914F59592A9D28FC0099D944 /* PBXTargetDependency */ = {
			isa = PBXTargetDependency;
			target = B69C4E1A2A94F94400CEC473 /* TuiCC */;
			targetProxy = 914F59582A9D28FC0099D944 /* PBXContainerItemProxy */;
		};
		B61D2BE72A964728008D3606 /* PBXTargetDependency */ = {
			isa = PBXTargetDependency;
			target = B69C4E1A2A94F94400CEC473 /* TuiCC */;
			targetProxy = B61D2BE62A964728008D3606 /* PBXContainerItemProxy */;
		};
/* End PBXTargetDependency section */

/* Begin PBXVariantGroup section */
		91DD4C6A2A9A3998000AD497 /* Localizable.strings */ = {
			isa = PBXVariantGroup;
			children = (
				91DD4C692A9A3998000AD497 /* en */,
			);
			name = Localizable.strings;
			sourceTree = "<group>";
		};
/* End PBXVariantGroup section */

/* Begin XCBuildConfiguration section */
		914F595B2A9D28FC0099D944 /* Debug */ = {
			isa = XCBuildConfiguration;
			buildSettings = {
				CODE_SIGN_STYLE = Automatic;
				CURRENT_PROJECT_VERSION = 1;
				DEVELOPMENT_TEAM = DF7FAJJH84;
				GCC_C_LANGUAGE_STANDARD = gnu11;
				GENERATE_INFOPLIST_FILE = YES;
				MARKETING_VERSION = 1.0;
				PRODUCT_BUNDLE_IDENTIFIER = com.tuiCC.uiTests.TuiCCUITests;
				PRODUCT_NAME = "$(TARGET_NAME)";
				SWIFT_ACTIVE_COMPILATION_CONDITIONS = DEBUG;
				SWIFT_EMIT_LOC_STRINGS = NO;
				SWIFT_VERSION = 5.0;
				TARGETED_DEVICE_FAMILY = "1,2";
				TEST_TARGET_NAME = TuiCC;
			};
			name = Debug;
		};
		914F595C2A9D28FC0099D944 /* Release */ = {
			isa = XCBuildConfiguration;
			buildSettings = {
				CODE_SIGN_STYLE = Automatic;
				CURRENT_PROJECT_VERSION = 1;
				DEVELOPMENT_TEAM = DF7FAJJH84;
				GCC_C_LANGUAGE_STANDARD = gnu11;
				GENERATE_INFOPLIST_FILE = YES;
				MARKETING_VERSION = 1.0;
				PRODUCT_BUNDLE_IDENTIFIER = com.tuiCC.uiTests.TuiCCUITests;
				PRODUCT_NAME = "$(TARGET_NAME)";
				SWIFT_EMIT_LOC_STRINGS = NO;
				SWIFT_OPTIMIZATION_LEVEL = "-O";
				SWIFT_VERSION = 5.0;
				TARGETED_DEVICE_FAMILY = "1,2";
				TEST_TARGET_NAME = TuiCC;
			};
			name = Release;
		};
		B61D2BE92A964728008D3606 /* Debug */ = {
			isa = XCBuildConfiguration;
			buildSettings = {
				BUNDLE_LOADER = "$(TEST_HOST)";
				CODE_SIGN_STYLE = Automatic;
				CURRENT_PROJECT_VERSION = 1;
				DEVELOPMENT_TEAM = 2X5WL3592T;
				GENERATE_INFOPLIST_FILE = YES;
				MARKETING_VERSION = 1.0;
				PRODUCT_BUNDLE_IDENTIFIER = ardevlp.TuiCCTests;
				PRODUCT_NAME = "$(TARGET_NAME)";
				SWIFT_EMIT_LOC_STRINGS = NO;
				SWIFT_VERSION = 5.0;
				TARGETED_DEVICE_FAMILY = "1,2";
				TEST_HOST = "$(BUILT_PRODUCTS_DIR)/TuiCC.app/$(BUNDLE_EXECUTABLE_FOLDER_PATH)/TuiCC";
			};
			name = Debug;
		};
		B61D2BEA2A964728008D3606 /* Release */ = {
			isa = XCBuildConfiguration;
			buildSettings = {
				BUNDLE_LOADER = "$(TEST_HOST)";
				CODE_SIGN_STYLE = Automatic;
				CURRENT_PROJECT_VERSION = 1;
				DEVELOPMENT_TEAM = 2X5WL3592T;
				GENERATE_INFOPLIST_FILE = YES;
				MARKETING_VERSION = 1.0;
				PRODUCT_BUNDLE_IDENTIFIER = ardevlp.TuiCCTests;
				PRODUCT_NAME = "$(TARGET_NAME)";
				SWIFT_EMIT_LOC_STRINGS = NO;
				SWIFT_VERSION = 5.0;
				TARGETED_DEVICE_FAMILY = "1,2";
				TEST_HOST = "$(BUILT_PRODUCTS_DIR)/TuiCC.app/$(BUNDLE_EXECUTABLE_FOLDER_PATH)/TuiCC";
			};
			name = Release;
		};
		B69C4E272A94F94700CEC473 /* Debug */ = {
			isa = XCBuildConfiguration;
			buildSettings = {
				ALWAYS_SEARCH_USER_PATHS = NO;
				ASSETCATALOG_COMPILER_GENERATE_SWIFT_ASSET_SYMBOL_EXTENSIONS = YES;
				CLANG_ANALYZER_LOCALIZABILITY_NONLOCALIZED = YES;
				CLANG_ANALYZER_NONNULL = YES;
				CLANG_ANALYZER_NUMBER_OBJECT_CONVERSION = YES_AGGRESSIVE;
				CLANG_CXX_LANGUAGE_STANDARD = "gnu++20";
				CLANG_ENABLE_MODULES = YES;
				CLANG_ENABLE_OBJC_ARC = YES;
				CLANG_ENABLE_OBJC_WEAK = YES;
				CLANG_WARN_BLOCK_CAPTURE_AUTORELEASING = YES;
				CLANG_WARN_BOOL_CONVERSION = YES;
				CLANG_WARN_COMMA = YES;
				CLANG_WARN_CONSTANT_CONVERSION = YES;
				CLANG_WARN_DEPRECATED_OBJC_IMPLEMENTATIONS = YES;
				CLANG_WARN_DIRECT_OBJC_ISA_USAGE = YES_ERROR;
				CLANG_WARN_DOCUMENTATION_COMMENTS = YES;
				CLANG_WARN_EMPTY_BODY = YES;
				CLANG_WARN_ENUM_CONVERSION = YES;
				CLANG_WARN_INFINITE_RECURSION = YES;
				CLANG_WARN_INT_CONVERSION = YES;
				CLANG_WARN_NON_LITERAL_NULL_CONVERSION = YES;
				CLANG_WARN_OBJC_IMPLICIT_RETAIN_SELF = YES;
				CLANG_WARN_OBJC_LITERAL_CONVERSION = YES;
				CLANG_WARN_OBJC_ROOT_CLASS = YES_ERROR;
				CLANG_WARN_QUOTED_INCLUDE_IN_FRAMEWORK_HEADER = YES;
				CLANG_WARN_RANGE_LOOP_ANALYSIS = YES;
				CLANG_WARN_STRICT_PROTOTYPES = YES;
				CLANG_WARN_SUSPICIOUS_MOVE = YES;
				CLANG_WARN_UNGUARDED_AVAILABILITY = YES_AGGRESSIVE;
				CLANG_WARN_UNREACHABLE_CODE = YES;
				CLANG_WARN__DUPLICATE_METHOD_MATCH = YES;
				COPY_PHASE_STRIP = NO;
				DEBUG_INFORMATION_FORMAT = dwarf;
				ENABLE_STRICT_OBJC_MSGSEND = YES;
				ENABLE_TESTABILITY = YES;
				ENABLE_USER_SCRIPT_SANDBOXING = YES;
				GCC_C_LANGUAGE_STANDARD = gnu17;
				GCC_DYNAMIC_NO_PIC = NO;
				GCC_NO_COMMON_BLOCKS = YES;
				GCC_OPTIMIZATION_LEVEL = 0;
				GCC_PREPROCESSOR_DEFINITIONS = (
					"DEBUG=1",
					"$(inherited)",
				);
				GCC_WARN_64_TO_32_BIT_CONVERSION = YES;
				GCC_WARN_ABOUT_RETURN_TYPE = YES_ERROR;
				GCC_WARN_UNDECLARED_SELECTOR = YES;
				GCC_WARN_UNINITIALIZED_AUTOS = YES_AGGRESSIVE;
				GCC_WARN_UNUSED_FUNCTION = YES;
				GCC_WARN_UNUSED_VARIABLE = YES;
				IPHONEOS_DEPLOYMENT_TARGET = 16.4;
				LOCALIZATION_PREFERS_STRING_CATALOGS = YES;
				MTL_ENABLE_DEBUG_INFO = INCLUDE_SOURCE;
				MTL_FAST_MATH = YES;
				ONLY_ACTIVE_ARCH = YES;
				SDKROOT = iphoneos;
				SWIFT_ACTIVE_COMPILATION_CONDITIONS = "DEBUG $(inherited)";
				SWIFT_OPTIMIZATION_LEVEL = "-Onone";
			};
			name = Debug;
		};
		B69C4E282A94F94700CEC473 /* Release */ = {
			isa = XCBuildConfiguration;
			buildSettings = {
				ALWAYS_SEARCH_USER_PATHS = NO;
				ASSETCATALOG_COMPILER_GENERATE_SWIFT_ASSET_SYMBOL_EXTENSIONS = YES;
				CLANG_ANALYZER_LOCALIZABILITY_NONLOCALIZED = YES;
				CLANG_ANALYZER_NONNULL = YES;
				CLANG_ANALYZER_NUMBER_OBJECT_CONVERSION = YES_AGGRESSIVE;
				CLANG_CXX_LANGUAGE_STANDARD = "gnu++20";
				CLANG_ENABLE_MODULES = YES;
				CLANG_ENABLE_OBJC_ARC = YES;
				CLANG_ENABLE_OBJC_WEAK = YES;
				CLANG_WARN_BLOCK_CAPTURE_AUTORELEASING = YES;
				CLANG_WARN_BOOL_CONVERSION = YES;
				CLANG_WARN_COMMA = YES;
				CLANG_WARN_CONSTANT_CONVERSION = YES;
				CLANG_WARN_DEPRECATED_OBJC_IMPLEMENTATIONS = YES;
				CLANG_WARN_DIRECT_OBJC_ISA_USAGE = YES_ERROR;
				CLANG_WARN_DOCUMENTATION_COMMENTS = YES;
				CLANG_WARN_EMPTY_BODY = YES;
				CLANG_WARN_ENUM_CONVERSION = YES;
				CLANG_WARN_INFINITE_RECURSION = YES;
				CLANG_WARN_INT_CONVERSION = YES;
				CLANG_WARN_NON_LITERAL_NULL_CONVERSION = YES;
				CLANG_WARN_OBJC_IMPLICIT_RETAIN_SELF = YES;
				CLANG_WARN_OBJC_LITERAL_CONVERSION = YES;
				CLANG_WARN_OBJC_ROOT_CLASS = YES_ERROR;
				CLANG_WARN_QUOTED_INCLUDE_IN_FRAMEWORK_HEADER = YES;
				CLANG_WARN_RANGE_LOOP_ANALYSIS = YES;
				CLANG_WARN_STRICT_PROTOTYPES = YES;
				CLANG_WARN_SUSPICIOUS_MOVE = YES;
				CLANG_WARN_UNGUARDED_AVAILABILITY = YES_AGGRESSIVE;
				CLANG_WARN_UNREACHABLE_CODE = YES;
				CLANG_WARN__DUPLICATE_METHOD_MATCH = YES;
				COPY_PHASE_STRIP = NO;
				DEBUG_INFORMATION_FORMAT = "dwarf-with-dsym";
				ENABLE_NS_ASSERTIONS = NO;
				ENABLE_STRICT_OBJC_MSGSEND = YES;
				ENABLE_USER_SCRIPT_SANDBOXING = YES;
				GCC_C_LANGUAGE_STANDARD = gnu17;
				GCC_NO_COMMON_BLOCKS = YES;
				GCC_WARN_64_TO_32_BIT_CONVERSION = YES;
				GCC_WARN_ABOUT_RETURN_TYPE = YES_ERROR;
				GCC_WARN_UNDECLARED_SELECTOR = YES;
				GCC_WARN_UNINITIALIZED_AUTOS = YES_AGGRESSIVE;
				GCC_WARN_UNUSED_FUNCTION = YES;
				GCC_WARN_UNUSED_VARIABLE = YES;
				IPHONEOS_DEPLOYMENT_TARGET = 16.4;
				LOCALIZATION_PREFERS_STRING_CATALOGS = YES;
				MTL_ENABLE_DEBUG_INFO = NO;
				MTL_FAST_MATH = YES;
				SDKROOT = iphoneos;
				SWIFT_COMPILATION_MODE = wholemodule;
				VALIDATE_PRODUCT = YES;
			};
			name = Release;
		};
		B69C4E2A2A94F94700CEC473 /* Debug */ = {
			isa = XCBuildConfiguration;
			buildSettings = {
				ASSETCATALOG_COMPILER_APPICON_NAME = AppIcon;
				ASSETCATALOG_COMPILER_GLOBAL_ACCENT_COLOR_NAME = AccentColor;
				CODE_SIGN_STYLE = Automatic;
				CURRENT_PROJECT_VERSION = 1;
				DEVELOPMENT_ASSET_PATHS = "\"TuiCC/Preview Content\"";
				DEVELOPMENT_TEAM = DF7FAJJH84;
				ENABLE_PREVIEWS = YES;
				GENERATE_INFOPLIST_FILE = YES;
				INFOPLIST_KEY_UIApplicationSceneManifest_Generation = YES;
				INFOPLIST_KEY_UIApplicationSupportsIndirectInputEvents = YES;
				INFOPLIST_KEY_UILaunchScreen_Generation = YES;
				INFOPLIST_KEY_UISupportedInterfaceOrientations_iPad = "UIInterfaceOrientationPortrait UIInterfaceOrientationPortraitUpsideDown UIInterfaceOrientationLandscapeLeft UIInterfaceOrientationLandscapeRight";
				INFOPLIST_KEY_UISupportedInterfaceOrientations_iPhone = "UIInterfaceOrientationPortrait UIInterfaceOrientationLandscapeLeft UIInterfaceOrientationLandscapeRight";
				IPHONEOS_DEPLOYMENT_TARGET = 16.4;
				LD_RUNPATH_SEARCH_PATHS = (
					"$(inherited)",
					"@executable_path/Frameworks",
				);
				MARKETING_VERSION = 1.0;
				PRODUCT_BUNDLE_IDENTIFIER = antrams.TuiCC;
				PRODUCT_NAME = "$(TARGET_NAME)";
				SUPPORTED_PLATFORMS = "iphoneos iphonesimulator";
				SUPPORTS_MACCATALYST = NO;
				SUPPORTS_MAC_DESIGNED_FOR_IPHONE_IPAD = YES;
				SWIFT_EMIT_LOC_STRINGS = YES;
				SWIFT_VERSION = 5.0;
				TARGETED_DEVICE_FAMILY = "1,2";
			};
			name = Debug;
		};
		B69C4E2B2A94F94700CEC473 /* Release */ = {
			isa = XCBuildConfiguration;
			buildSettings = {
				ASSETCATALOG_COMPILER_APPICON_NAME = AppIcon;
				ASSETCATALOG_COMPILER_GLOBAL_ACCENT_COLOR_NAME = AccentColor;
				CODE_SIGN_STYLE = Automatic;
				CURRENT_PROJECT_VERSION = 1;
				DEVELOPMENT_ASSET_PATHS = "\"TuiCC/Preview Content\"";
				DEVELOPMENT_TEAM = DF7FAJJH84;
				ENABLE_PREVIEWS = YES;
				GENERATE_INFOPLIST_FILE = YES;
				INFOPLIST_KEY_UIApplicationSceneManifest_Generation = YES;
				INFOPLIST_KEY_UIApplicationSupportsIndirectInputEvents = YES;
				INFOPLIST_KEY_UILaunchScreen_Generation = YES;
				INFOPLIST_KEY_UISupportedInterfaceOrientations_iPad = "UIInterfaceOrientationPortrait UIInterfaceOrientationPortraitUpsideDown UIInterfaceOrientationLandscapeLeft UIInterfaceOrientationLandscapeRight";
				INFOPLIST_KEY_UISupportedInterfaceOrientations_iPhone = "UIInterfaceOrientationPortrait UIInterfaceOrientationLandscapeLeft UIInterfaceOrientationLandscapeRight";
				IPHONEOS_DEPLOYMENT_TARGET = 16.4;
				LD_RUNPATH_SEARCH_PATHS = (
					"$(inherited)",
					"@executable_path/Frameworks",
				);
				MARKETING_VERSION = 1.0;
				PRODUCT_BUNDLE_IDENTIFIER = antrams.TuiCC;
				PRODUCT_NAME = "$(TARGET_NAME)";
				SUPPORTED_PLATFORMS = "iphoneos iphonesimulator";
				SUPPORTS_MACCATALYST = NO;
				SUPPORTS_MAC_DESIGNED_FOR_IPHONE_IPAD = YES;
				SWIFT_EMIT_LOC_STRINGS = YES;
				SWIFT_VERSION = 5.0;
				TARGETED_DEVICE_FAMILY = "1,2";
			};
			name = Release;
		};
/* End XCBuildConfiguration section */

/* Begin XCConfigurationList section */
		914F595A2A9D28FC0099D944 /* Build configuration list for PBXNativeTarget "TuiCCUITests" */ = {
			isa = XCConfigurationList;
			buildConfigurations = (
				914F595B2A9D28FC0099D944 /* Debug */,
				914F595C2A9D28FC0099D944 /* Release */,
			);
			defaultConfigurationIsVisible = 0;
			defaultConfigurationName = Release;
		};
		B61D2BE82A964728008D3606 /* Build configuration list for PBXNativeTarget "TuiCCTests" */ = {
			isa = XCConfigurationList;
			buildConfigurations = (
				B61D2BE92A964728008D3606 /* Debug */,
				B61D2BEA2A964728008D3606 /* Release */,
			);
			defaultConfigurationIsVisible = 0;
			defaultConfigurationName = Release;
		};
		B69C4E162A94F94400CEC473 /* Build configuration list for PBXProject "TuiCC" */ = {
			isa = XCConfigurationList;
			buildConfigurations = (
				B69C4E272A94F94700CEC473 /* Debug */,
				B69C4E282A94F94700CEC473 /* Release */,
			);
			defaultConfigurationIsVisible = 0;
			defaultConfigurationName = Release;
		};
		B69C4E292A94F94700CEC473 /* Build configuration list for PBXNativeTarget "TuiCC" */ = {
			isa = XCConfigurationList;
			buildConfigurations = (
				B69C4E2A2A94F94700CEC473 /* Debug */,
				B69C4E2B2A94F94700CEC473 /* Release */,
			);
			defaultConfigurationIsVisible = 0;
			defaultConfigurationName = Release;
		};
/* End XCConfigurationList section */
	};
	rootObject = B69C4E132A94F94400CEC473 /* Project object */;
}
